
Microsoft Visual Studio Solution File, Format Version 12.00
# Visual Studio 14
VisualStudioVersion = 14.0.25420.1
MinimumVisualStudioVersion = 10.0.40219.1
Project("{FAE04EC0-301F-11D3-BF4B-00C04F79EFBC}") = "RollCall.DAL", "RollCall.DAL\RollCall.DAL.csproj", "{A90FA25E-3883-4699-8868-1B08F419018B}"
EndProject
Project("{FAE04EC0-301F-11D3-BF4B-00C04F79EFBC}") = "RollCall.Model", "RollCall.Model\RollCall.Model.csproj", "{93700EE7-F489-4D3B-964D-8DCD5198C1C8}"
EndProject
Project("{FAE04EC0-301F-11D3-BF4B-00C04F79EFBC}") = "RollCall.BLL", "RollCall.BLL\RollCall.BLL.csproj", "{0068B252-438C-4BBB-A2FF-81A680CAC0B0}"
EndProject
Project("{FAE04EC0-301F-11D3-BF4B-00C04F79EFBC}") = "RollCall.UI", "RollCall.UI\RollCall.UI.csproj", "{72D63825-A9DA-4A94-AC2B-1F3DF3AC43D3}"
EndProject
Project("{FAE04EC0-301F-11D3-BF4B-00C04F79EFBC}") = "TIPTOP.AdoDAL", "TIPTOP.AdoDAL\TIPTOP.AdoDAL.csproj", "{067F48DC-F56B-414A-9467-4C2D50CB8563}"
EndProject
Project("{FAE04EC0-301F-11D3-BF4B-00C04F79EFBC}") = "TIPTOP.Model", "TIPTOP.Model\TIPTOP.Model.csproj", "{74B9422A-9E08-407E-B891-F1FF1CF1F6B0}"
EndProject
Project("{FAE04EC0-301F-11D3-BF4B-00C04F79EFBC}") = "TIPTOP.BLL", "TIPTOP.BLL\TIPTOP.BLL.csproj", "{CCF44CB6-2820-4056-9025-3D055F8B032A}"
EndProject
Project("{FAE04EC0-301F-11D3-BF4B-00C04F79EFBC}") = "RollCall.IDAL", "RollCall.IDAL\RollCall.IDAL.csproj", "{710B9ED7-2165-4078-9763-3BBA6BE93E15}"
EndProject
Project("{FAE04EC0-301F-11D3-BF4B-00C04F79EFBC}") = "RollCall.DALFactory", "RollCall.DALFactory\RollCall.DALFactory.csproj", "{BF3F3448-5661-4658-8A53-874649F61F0E}"
EndProject
Project("{2150E333-8FDC-42A3-9474-1A3956D46DE8}") = "DAL", "DAL", "{D66846DE-6747-4372-80D9-60497165B78F}"
EndProject
Project("{2150E333-8FDC-42A3-9474-1A3956D46DE8}") = "BLL", "BLL", "{C6FB1F4F-2F02-44BA-80C4-669A8BC83942}"
EndProject
Project("{FAE04EC0-301F-11D3-BF4B-00C04F79EFBC}") = "RollCall.IBLL", "RollCall.IBLL\RollCall.IBLL.csproj", "{88FAFE51-6F04-47DF-973F-07B5B9FEFC72}"
EndProject
Project("{2150E333-8FDC-42A3-9474-1A3956D46DE8}") = "Model", "Model", "{A86EF633-2122-4848-907A-EC07467B1D1B}"
EndProject
Global
	GlobalSection(SolutionConfigurationPlatforms) = preSolution
		Debug|Any CPU = Debug|Any CPU
		Release|Any CPU = Release|Any CPU
	EndGlobalSection
	GlobalSection(ProjectConfigurationPlatforms) = postSolution
		{A90FA25E-3883-4699-8868-1B08F419018B}.Debug|Any CPU.ActiveCfg = Debug|Any CPU
		{A90FA25E-3883-4699-8868-1B08F419018B}.Debug|Any CPU.Build.0 = Debug|Any CPU
		{A90FA25E-3883-4699-8868-1B08F419018B}.Release|Any CPU.ActiveCfg = Release|Any CPU
		{A90FA25E-3883-4699-8868-1B08F419018B}.Release|Any CPU.Build.0 = Release|Any CPU
		{93700EE7-F489-4D3B-964D-8DCD5198C1C8}.Debug|Any CPU.ActiveCfg = Debug|Any CPU
		{93700EE7-F489-4D3B-964D-8DCD5198C1C8}.Debug|Any CPU.Build.0 = Debug|Any CPU
		{93700EE7-F489-4D3B-964D-8DCD5198C1C8}.Release|Any CPU.ActiveCfg = Release|Any CPU
		{93700EE7-F489-4D3B-964D-8DCD5198C1C8}.Release|Any CPU.Build.0 = Release|Any CPU
		{0068B252-438C-4BBB-A2FF-81A680CAC0B0}.Debug|Any CPU.ActiveCfg = Debug|Any CPU
		{0068B252-438C-4BBB-A2FF-81A680CAC0B0}.Debug|Any CPU.Build.0 = Debug|Any CPU
		{0068B252-438C-4BBB-A2FF-81A680CAC0B0}.Release|Any CPU.ActiveCfg = Release|Any CPU
		{0068B252-438C-4BBB-A2FF-81A680CAC0B0}.Release|Any CPU.Build.0 = Release|Any CPU
		{72D63825-A9DA-4A94-AC2B-1F3DF3AC43D3}.Debug|Any CPU.ActiveCfg = Debug|Any CPU
		{72D63825-A9DA-4A94-AC2B-1F3DF3AC43D3}.Debug|Any CPU.Build.0 = Debug|Any CPU
		{72D63825-A9DA-4A94-AC2B-1F3DF3AC43D3}.Release|Any CPU.ActiveCfg = Release|Any CPU
		{72D63825-A9DA-4A94-AC2B-1F3DF3AC43D3}.Release|Any CPU.Build.0 = Release|Any CPU
		{067F48DC-F56B-414A-9467-4C2D50CB8563}.Debug|Any CPU.ActiveCfg = Debug|Any CPU
		{067F48DC-F56B-414A-9467-4C2D50CB8563}.Debug|Any CPU.Build.0 = Debug|Any CPU
		{067F48DC-F56B-414A-9467-4C2D50CB8563}.Release|Any CPU.ActiveCfg = Release|Any CPU
		{067F48DC-F56B-414A-9467-4C2D50CB8563}.Release|Any CPU.Build.0 = Release|Any CPU
		{74B9422A-9E08-407E-B891-F1FF1CF1F6B0}.Debug|Any CPU.ActiveCfg = Debug|Any CPU
		{74B9422A-9E08-407E-B891-F1FF1CF1F6B0}.Debug|Any CPU.Build.0 = Debug|Any CPU
		{74B9422A-9E08-407E-B891-F1FF1CF1F6B0}.Release|Any CPU.ActiveCfg = Release|Any CPU
		{74B9422A-9E08-407E-B891-F1FF1CF1F6B0}.Release|Any CPU.Build.0 = Release|Any CPU
		{CCF44CB6-2820-4056-9025-3D055F8B032A}.Debug|Any CPU.ActiveCfg = Debug|Any CPU
		{CCF44CB6-2820-4056-9025-3D055F8B032A}.Debug|Any CPU.Build.0 = Debug|Any CPU
		{CCF44CB6-2820-4056-9025-3D055F8B032A}.Release|Any CPU.ActiveCfg = Release|Any CPU
		{CCF44CB6-2820-4056-9025-3D055F8B032A}.Release|Any CPU.Build.0 = Release|Any CPU
		{710B9ED7-2165-4078-9763-3BBA6BE93E15}.Debug|Any CPU.ActiveCfg = Debug|Any CPU
		{710B9ED7-2165-4078-9763-3BBA6BE93E15}.Debug|Any CPU.Build.0 = Debug|Any CPU
		{710B9ED7-2165-4078-9763-3BBA6BE93E15}.Release|Any CPU.ActiveCfg = Release|Any CPU
		{710B9ED7-2165-4078-9763-3BBA6BE93E15}.Release|Any CPU.Build.0 = Release|Any CPU
		{BF3F3448-5661-4658-8A53-874649F61F0E}.Debug|Any CPU.ActiveCfg = Debug|Any CPU
		{BF3F3448-5661-4658-8A53-874649F61F0E}.Debug|Any CPU.Build.0 = Debug|Any CPU
		{BF3F3448-5661-4658-8A53-874649F61F0E}.Release|Any CPU.ActiveCfg = Release|Any CPU
		{BF3F3448-5661-4658-8A53-874649F61F0E}.Release|Any CPU.Build.0 = Release|Any CPU
		{88FAFE51-6F04-47DF-973F-07B5B9FEFC72}.Debug|Any CPU.ActiveCfg = Debug|Any CPU
		{88FAFE51-6F04-47DF-973F-07B5B9FEFC72}.Debug|Any CPU.Build.0 = Debug|Any CPU
		{88FAFE51-6F04-47DF-973F-07B5B9FEFC72}.Release|Any CPU.ActiveCfg = Release|Any CPU
		{88FAFE51-6F04-47DF-973F-07B5B9FEFC72}.Release|Any CPU.Build.0 = Release|Any CPU
	EndGlobalSection
	GlobalSection(SolutionProperties) = preSolution
		HideSolutionNode = FALSE
	EndGlobalSection
	GlobalSection(NestedProjects) = preSolution
		{A90FA25E-3883-4699-8868-1B08F419018B} = {D66846DE-6747-4372-80D9-60497165B78F}
		{93700EE7-F489-4D3B-964D-8DCD5198C1C8} = {A86EF633-2122-4848-907A-EC07467B1D1B}
		{0068B252-438C-4BBB-A2FF-81A680CAC0B0} = {C6FB1F4F-2F02-44BA-80C4-669A8BC83942}
		{067F48DC-F56B-414A-9467-4C2D50CB8563} = {D66846DE-6747-4372-80D9-60497165B78F}
		{74B9422A-9E08-407E-B891-F1FF1CF1F6B0} = {A86EF633-2122-4848-907A-EC07467B1D1B}
		{CCF44CB6-2820-4056-9025-3D055F8B032A} = {C6FB1F4F-2F02-44BA-80C4-669A8BC83942}
		{710B9ED7-2165-4078-9763-3BBA6BE93E15} = {D66846DE-6747-4372-80D9-60497165B78F}
		{BF3F3448-5661-4658-8A53-874649F61F0E} = {D66846DE-6747-4372-80D9-60497165B78F}
		{88FAFE51-6F04-47DF-973F-07B5B9FEFC72} = {C6FB1F4F-2F02-44BA-80C4-669A8BC83942}
	EndGlobalSection
EndGlobal
